// !$*UTF8*$!
{
	archiveVersion = 1;
	classes = {
	};
	objectVersion = 50;
	objects = {

/* Begin PBXBuildFile section */
		47AF952121F9E78E006A112B /* AppDelegate.swift in Sources */ = {isa = PBXBuildFile; fileRef = 47AF952021F9E78E006A112B /* AppDelegate.swift */; };
		47AF952621F9E78E006A112B /* Main.storyboard in Resources */ = {isa = PBXBuildFile; fileRef = 47AF952421F9E78E006A112B /* Main.storyboard */; };
		47AF952821F9E791006A112B /* Assets.xcassets in Resources */ = {isa = PBXBuildFile; fileRef = 47AF952721F9E791006A112B /* Assets.xcassets */; };
		47AF952B21F9E791006A112B /* LaunchScreen.storyboard in Resources */ = {isa = PBXBuildFile; fileRef = 47AF952921F9E791006A112B /* LaunchScreen.storyboard */; };
		47AF953821FA14EA006A112B /* LoginViewController.swift in Sources */ = {isa = PBXBuildFile; fileRef = 47AF953721FA14EA006A112B /* LoginViewController.swift */; };
		47AF953B21FA2661006A112B /* UdacityAPIClient.swift in Sources */ = {isa = PBXBuildFile; fileRef = 47AF953A21FA2661006A112B /* UdacityAPIClient.swift */; };
		47AF953D21FA270A006A112B /* APIClient.swift in Sources */ = {isa = PBXBuildFile; fileRef = 47AF953C21FA270A006A112B /* APIClient.swift */; };
		47B990F621FB212900761C86 /* UdacityAPIClient+Constants.swift in Sources */ = {isa = PBXBuildFile; fileRef = 47B990F521FB212900761C86 /* UdacityAPIClient+Constants.swift */; };
		47B990F821FB912000761C86 /* Session.swift in Sources */ = {isa = PBXBuildFile; fileRef = 47B990F721FB912000761C86 /* Session.swift */; };
		47B990FA21FB914900761C86 /* Account.swift in Sources */ = {isa = PBXBuildFile; fileRef = 47B990F921FB914900761C86 /* Account.swift */; };
		47B990FC21FB915700761C86 /* User.swift in Sources */ = {isa = PBXBuildFile; fileRef = 47B990FB21FB915700761C86 /* User.swift */; };
		47B990FE21FDDD8400761C86 /* UdacityAPIClientProtocol.swift in Sources */ = {isa = PBXBuildFile; fileRef = 47B990FD21FDDD8400761C86 /* UdacityAPIClientProtocol.swift */; };
		47B9910021FF51D900761C86 /* ControllerConstants.swift in Sources */ = {isa = PBXBuildFile; fileRef = 47B990FF21FF51D900761C86 /* ControllerConstants.swift */; };
		47B9910321FFA84E00761C86 /* ParseAPIClientProtocol.swift in Sources */ = {isa = PBXBuildFile; fileRef = 47B9910221FFA84E00761C86 /* ParseAPIClientProtocol.swift */; };
		47B9910521FFA90A00761C86 /* StudentInformation.swift in Sources */ = {isa = PBXBuildFile; fileRef = 47B9910421FFA90A00761C86 /* StudentInformation.swift */; };
		47B9910721FFAB1100761C86 /* ParseAPIClient.swift in Sources */ = {isa = PBXBuildFile; fileRef = 47B9910621FFAB1100761C86 /* ParseAPIClient.swift */; };
		47B9910921FFAB5000761C86 /* ParseAPIClient+Constants.swift in Sources */ = {isa = PBXBuildFile; fileRef = 47B9910821FFAB5000761C86 /* ParseAPIClient+Constants.swift */; };
		47B9910B2200B3E100761C86 /* LocationsTabBarController.swift in Sources */ = {isa = PBXBuildFile; fileRef = 47B9910A2200B3E100761C86 /* LocationsTabBarController.swift */; };
		47B9910D2200BCFC00761C86 /* LocationsMapViewController.swift in Sources */ = {isa = PBXBuildFile; fileRef = 47B9910C2200BCFC00761C86 /* LocationsMapViewController.swift */; };
		47B9910F2200BD3100761C86 /* LocationsTableViewController.swift in Sources */ = {isa = PBXBuildFile; fileRef = 47B9910E2200BD3100761C86 /* LocationsTableViewController.swift */; };
/* End PBXBuildFile section */

/* Begin PBXFileReference section */
		47AF951D21F9E78E006A112B /* On The Map.app */ = {isa = PBXFileReference; explicitFileType = wrapper.application; includeInIndex = 0; path = "On The Map.app"; sourceTree = BUILT_PRODUCTS_DIR; };
		47AF952021F9E78E006A112B /* AppDelegate.swift */ = {isa = PBXFileReference; lastKnownFileType = sourcecode.swift; path = AppDelegate.swift; sourceTree = "<group>"; };
		47AF952521F9E78E006A112B /* Base */ = {isa = PBXFileReference; lastKnownFileType = file.storyboard; name = Base; path = Base.lproj/Main.storyboard; sourceTree = "<group>"; };
		47AF952721F9E791006A112B /* Assets.xcassets */ = {isa = PBXFileReference; lastKnownFileType = folder.assetcatalog; path = Assets.xcassets; sourceTree = "<group>"; };
		47AF952A21F9E791006A112B /* Base */ = {isa = PBXFileReference; lastKnownFileType = file.storyboard; name = Base; path = Base.lproj/LaunchScreen.storyboard; sourceTree = "<group>"; };
		47AF952C21F9E791006A112B /* Info.plist */ = {isa = PBXFileReference; lastKnownFileType = text.plist.xml; path = Info.plist; sourceTree = "<group>"; };
		47AF953721FA14EA006A112B /* LoginViewController.swift */ = {isa = PBXFileReference; lastKnownFileType = sourcecode.swift; path = LoginViewController.swift; sourceTree = "<group>"; };
		47AF953A21FA2661006A112B /* UdacityAPIClient.swift */ = {isa = PBXFileReference; lastKnownFileType = sourcecode.swift; path = UdacityAPIClient.swift; sourceTree = "<group>"; };
		47AF953C21FA270A006A112B /* APIClient.swift */ = {isa = PBXFileReference; lastKnownFileType = sourcecode.swift; path = APIClient.swift; sourceTree = "<group>"; };
		47B990F521FB212900761C86 /* UdacityAPIClient+Constants.swift */ = {isa = PBXFileReference; lastKnownFileType = sourcecode.swift; path = "UdacityAPIClient+Constants.swift"; sourceTree = "<group>"; };
		47B990F721FB912000761C86 /* Session.swift */ = {isa = PBXFileReference; lastKnownFileType = sourcecode.swift; path = Session.swift; sourceTree = "<group>"; };
		47B990F921FB914900761C86 /* Account.swift */ = {isa = PBXFileReference; lastKnownFileType = sourcecode.swift; path = Account.swift; sourceTree = "<group>"; };
		47B990FB21FB915700761C86 /* User.swift */ = {isa = PBXFileReference; lastKnownFileType = sourcecode.swift; path = User.swift; sourceTree = "<group>"; };
		47B990FD21FDDD8400761C86 /* UdacityAPIClientProtocol.swift */ = {isa = PBXFileReference; lastKnownFileType = sourcecode.swift; path = UdacityAPIClientProtocol.swift; sourceTree = "<group>"; };
		47B990FF21FF51D900761C86 /* ControllerConstants.swift */ = {isa = PBXFileReference; lastKnownFileType = sourcecode.swift; path = ControllerConstants.swift; sourceTree = "<group>"; };
		47B9910221FFA84E00761C86 /* ParseAPIClientProtocol.swift */ = {isa = PBXFileReference; lastKnownFileType = sourcecode.swift; path = ParseAPIClientProtocol.swift; sourceTree = "<group>"; };
		47B9910421FFA90A00761C86 /* StudentInformation.swift */ = {isa = PBXFileReference; lastKnownFileType = sourcecode.swift; path = StudentInformation.swift; sourceTree = "<group>"; };
		47B9910621FFAB1100761C86 /* ParseAPIClient.swift */ = {isa = PBXFileReference; lastKnownFileType = sourcecode.swift; path = ParseAPIClient.swift; sourceTree = "<group>"; };
		47B9910821FFAB5000761C86 /* ParseAPIClient+Constants.swift */ = {isa = PBXFileReference; lastKnownFileType = sourcecode.swift; path = "ParseAPIClient+Constants.swift"; sourceTree = "<group>"; };
		47B9910A2200B3E100761C86 /* LocationsTabBarController.swift */ = {isa = PBXFileReference; lastKnownFileType = sourcecode.swift; path = LocationsTabBarController.swift; sourceTree = "<group>"; };
		47B9910C2200BCFC00761C86 /* LocationsMapViewController.swift */ = {isa = PBXFileReference; lastKnownFileType = sourcecode.swift; path = LocationsMapViewController.swift; sourceTree = "<group>"; };
		47B9910E2200BD3100761C86 /* LocationsTableViewController.swift */ = {isa = PBXFileReference; lastKnownFileType = sourcecode.swift; path = LocationsTableViewController.swift; sourceTree = "<group>"; };
/* End PBXFileReference section */

/* Begin PBXFrameworksBuildPhase section */
		47AF951A21F9E78E006A112B /* Frameworks */ = {
			isa = PBXFrameworksBuildPhase;
			buildActionMask = 2147483647;
			files = (
			);
			runOnlyForDeploymentPostprocessing = 0;
		};
/* End PBXFrameworksBuildPhase section */

/* Begin PBXGroup section */
		47AF951421F9E78E006A112B = {
			isa = PBXGroup;
			children = (
				47AF951F21F9E78E006A112B /* On The Map */,
				47AF951E21F9E78E006A112B /* Products */,
			);
			sourceTree = "<group>";
		};
		47AF951E21F9E78E006A112B /* Products */ = {
			isa = PBXGroup;
			children = (
				47AF951D21F9E78E006A112B /* On The Map.app */,
			);
			name = Products;
			sourceTree = "<group>";
		};
		47AF951F21F9E78E006A112B /* On The Map */ = {
			isa = PBXGroup;
			children = (
				47AF953521F9E830006A112B /* Services */,
				47AF953421F9E82A006A112B /* Model */,
				47AF953621F9E838006A112B /* Views */,
				47AF953321F9E823006A112B /* Controllers */,
				47AF953221F9E811006A112B /* Supporting Files */,
				47AF952C21F9E791006A112B /* Info.plist */,
			);
			path = "On The Map";
			sourceTree = "<group>";
		};
		47AF953221F9E811006A112B /* Supporting Files */ = {
			isa = PBXGroup;
			children = (
				47AF952021F9E78E006A112B /* AppDelegate.swift */,
				47AF952721F9E791006A112B /* Assets.xcassets */,
				47AF952921F9E791006A112B /* LaunchScreen.storyboard */,
			);
			path = "Supporting Files";
			sourceTree = "<group>";
		};
		47AF953321F9E823006A112B /* Controllers */ = {
			isa = PBXGroup;
			children = (
				47AF953721FA14EA006A112B /* LoginViewController.swift */,
				47B990FF21FF51D900761C86 /* ControllerConstants.swift */,
				47B9910A2200B3E100761C86 /* LocationsTabBarController.swift */,
				47B9910C2200BCFC00761C86 /* LocationsMapViewController.swift */,
				47B9910E2200BD3100761C86 /* LocationsTableViewController.swift */,
			);
			path = Controllers;
			sourceTree = "<group>";
		};
		47AF953421F9E82A006A112B /* Model */ = {
			isa = PBXGroup;
			children = (
				47B990F721FB912000761C86 /* Session.swift */,
				47B990F921FB914900761C86 /* Account.swift */,
				47B990FB21FB915700761C86 /* User.swift */,
				47B9910421FFA90A00761C86 /* StudentInformation.swift */,
			);
			path = Model;
			sourceTree = "<group>";
		};
		47AF953521F9E830006A112B /* Services */ = {
			isa = PBXGroup;
			children = (
				47AF953C21FA270A006A112B /* APIClient.swift */,
				47AF953921FA2602006A112B /* UdacityAPI */,
				47B9910121FFA80A00761C86 /* ParseAPI */,
			);
			path = Services;
			sourceTree = "<group>";
		};
		47AF953621F9E838006A112B /* Views */ = {
			isa = PBXGroup;
			children = (
				47AF952421F9E78E006A112B /* Main.storyboard */,
			);
			path = Views;
			sourceTree = "<group>";
		};
		47AF953921FA2602006A112B /* UdacityAPI */ = {
			isa = PBXGroup;
			children = (
				47B990FD21FDDD8400761C86 /* UdacityAPIClientProtocol.swift */,
				47AF953A21FA2661006A112B /* UdacityAPIClient.swift */,
				47B990F521FB212900761C86 /* UdacityAPIClient+Constants.swift */,
			);
			path = UdacityAPI;
			sourceTree = "<group>";
		};
		47B9910121FFA80A00761C86 /* ParseAPI */ = {
			isa = PBXGroup;
			children = (
				47B9910221FFA84E00761C86 /* ParseAPIClientProtocol.swift */,
				47B9910621FFAB1100761C86 /* ParseAPIClient.swift */,
				47B9910821FFAB5000761C86 /* ParseAPIClient+Constants.swift */,
			);
			path = ParseAPI;
			sourceTree = "<group>";
		};
/* End PBXGroup section */

/* Begin PBXNativeTarget section */
		47AF951C21F9E78E006A112B /* On The Map */ = {
			isa = PBXNativeTarget;
			buildConfigurationList = 47AF952F21F9E791006A112B /* Build configuration list for PBXNativeTarget "On The Map" */;
			buildPhases = (
				47AF951921F9E78E006A112B /* Sources */,
				47AF951A21F9E78E006A112B /* Frameworks */,
				47AF951B21F9E78E006A112B /* Resources */,
			);
			buildRules = (
			);
			dependencies = (
			);
			name = "On The Map";
			productName = "On The Map";
			productReference = 47AF951D21F9E78E006A112B /* On The Map.app */;
			productType = "com.apple.product-type.application";
		};
/* End PBXNativeTarget section */

/* Begin PBXProject section */
		47AF951521F9E78E006A112B /* Project object */ = {
			isa = PBXProject;
			attributes = {
				LastSwiftUpdateCheck = 1000;
				LastUpgradeCheck = 1000;
				ORGANIZATIONNAME = "Tiago Maia Lopes";
				TargetAttributes = {
					47AF951C21F9E78E006A112B = {
						CreatedOnToolsVersion = 10.0;
					};
				};
			};
			buildConfigurationList = 47AF951821F9E78E006A112B /* Build configuration list for PBXProject "On The Map" */;
			compatibilityVersion = "Xcode 9.3";
			developmentRegion = en;
			hasScannedForEncodings = 0;
			knownRegions = (
				en,
				Base,
			);
			mainGroup = 47AF951421F9E78E006A112B;
			productRefGroup = 47AF951E21F9E78E006A112B /* Products */;
			projectDirPath = "";
			projectRoot = "";
			targets = (
				47AF951C21F9E78E006A112B /* On The Map */,
			);
		};
/* End PBXProject section */

/* Begin PBXResourcesBuildPhase section */
		47AF951B21F9E78E006A112B /* Resources */ = {
			isa = PBXResourcesBuildPhase;
			buildActionMask = 2147483647;
			files = (
				47AF952B21F9E791006A112B /* LaunchScreen.storyboard in Resources */,
				47AF952821F9E791006A112B /* Assets.xcassets in Resources */,
				47AF952621F9E78E006A112B /* Main.storyboard in Resources */,
			);
			runOnlyForDeploymentPostprocessing = 0;
		};
/* End PBXResourcesBuildPhase section */

/* Begin PBXSourcesBuildPhase section */
		47AF951921F9E78E006A112B /* Sources */ = {
			isa = PBXSourcesBuildPhase;
			buildActionMask = 2147483647;
			files = (
				47B9910721FFAB1100761C86 /* ParseAPIClient.swift in Sources */,
				47B9910521FFA90A00761C86 /* StudentInformation.swift in Sources */,
				47B9910F2200BD3100761C86 /* LocationsTableViewController.swift in Sources */,
				47B990F821FB912000761C86 /* Session.swift in Sources */,
				47B9910921FFAB5000761C86 /* ParseAPIClient+Constants.swift in Sources */,
				47B9910321FFA84E00761C86 /* ParseAPIClientProtocol.swift in Sources */,
				47AF953821FA14EA006A112B /* LoginViewController.swift in Sources */,
				47B9910B2200B3E100761C86 /* LocationsTabBarController.swift in Sources */,
				47AF952121F9E78E006A112B /* AppDelegate.swift in Sources */,
				47B9910D2200BCFC00761C86 /* LocationsMapViewController.swift in Sources */,
				47AF953B21FA2661006A112B /* UdacityAPIClient.swift in Sources */,
				47B990FC21FB915700761C86 /* User.swift in Sources */,
				47B990FE21FDDD8400761C86 /* UdacityAPIClientProtocol.swift in Sources */,
				47B990F621FB212900761C86 /* UdacityAPIClient+Constants.swift in Sources */,
				47B9910021FF51D900761C86 /* ControllerConstants.swift in Sources */,
				47AF953D21FA270A006A112B /* APIClient.swift in Sources */,
				47B990FA21FB914900761C86 /* Account.swift in Sources */,
			);
			runOnlyForDeploymentPostprocessing = 0;
		};
/* End PBXSourcesBuildPhase section */

/* Begin PBXVariantGroup section */
		47AF952421F9E78E006A112B /* Main.storyboard */ = {
			isa = PBXVariantGroup;
			children = (
				47AF952521F9E78E006A112B /* Base */,
			);
			name = Main.storyboard;
			sourceTree = "<group>";
		};
		47AF952921F9E791006A112B /* LaunchScreen.storyboard */ = {
			isa = PBXVariantGroup;
			children = (
				47AF952A21F9E791006A112B /* Base */,
			);
			name = LaunchScreen.storyboard;
			sourceTree = "<group>";
		};
/* End PBXVariantGroup section */

/* Begin XCBuildConfiguration section */
		47AF952D21F9E791006A112B /* Debug */ = {
			isa = XCBuildConfiguration;
			buildSettings = {
				ALWAYS_SEARCH_USER_PATHS = NO;
				CLANG_ANALYZER_NONNULL = YES;
				CLANG_ANALYZER_NUMBER_OBJECT_CONVERSION = YES_AGGRESSIVE;
				CLANG_CXX_LANGUAGE_STANDARD = "gnu++14";
				CLANG_CXX_LIBRARY = "libc++";
				CLANG_ENABLE_MODULES = YES;
				CLANG_ENABLE_OBJC_ARC = YES;
				CLANG_ENABLE_OBJC_WEAK = YES;
				CLANG_WARN_BLOCK_CAPTURE_AUTORELEASING = YES;
				CLANG_WARN_BOOL_CONVERSION = YES;
				CLANG_WARN_COMMA = YES;
				CLANG_WARN_CONSTANT_CONVERSION = YES;
				CLANG_WARN_DEPRECATED_OBJC_IMPLEMENTATIONS = YES;
				CLANG_WARN_DIRECT_OBJC_ISA_USAGE = YES_ERROR;
				CLANG_WARN_DOCUMENTATION_COMMENTS = YES;
				CLANG_WARN_EMPTY_BODY = YES;
				CLANG_WARN_ENUM_CONVERSION = YES;
				CLANG_WARN_INFINITE_RECURSION = YES;
				CLANG_WARN_INT_CONVERSION = YES;
				CLANG_WARN_NON_LITERAL_NULL_CONVERSION = YES;
				CLANG_WARN_OBJC_IMPLICIT_RETAIN_SELF = YES;
				CLANG_WARN_OBJC_LITERAL_CONVERSION = YES;
				CLANG_WARN_OBJC_ROOT_CLASS = YES_ERROR;
				CLANG_WARN_RANGE_LOOP_ANALYSIS = YES;
				CLANG_WARN_STRICT_PROTOTYPES = YES;
				CLANG_WARN_SUSPICIOUS_MOVE = YES;
				CLANG_WARN_UNGUARDED_AVAILABILITY = YES_AGGRESSIVE;
				CLANG_WARN_UNREACHABLE_CODE = YES;
				CLANG_WARN__DUPLICATE_METHOD_MATCH = YES;
				CODE_SIGN_IDENTITY = "iPhone Developer";
				COPY_PHASE_STRIP = NO;
				DEBUG_INFORMATION_FORMAT = dwarf;
				ENABLE_STRICT_OBJC_MSGSEND = YES;
				ENABLE_TESTABILITY = YES;
				GCC_C_LANGUAGE_STANDARD = gnu11;
				GCC_DYNAMIC_NO_PIC = NO;
				GCC_NO_COMMON_BLOCKS = YES;
				GCC_OPTIMIZATION_LEVEL = 0;
				GCC_PREPROCESSOR_DEFINITIONS = (
					"DEBUG=1",
					"$(inherited)",
				);
				GCC_WARN_64_TO_32_BIT_CONVERSION = YES;
				GCC_WARN_ABOUT_RETURN_TYPE = YES_ERROR;
				GCC_WARN_UNDECLARED_SELECTOR = YES;
				GCC_WARN_UNINITIALIZED_AUTOS = YES_AGGRESSIVE;
				GCC_WARN_UNUSED_FUNCTION = YES;
				GCC_WARN_UNUSED_VARIABLE = YES;
				IPHONEOS_DEPLOYMENT_TARGET = 12.0;
				MTL_ENABLE_DEBUG_INFO = INCLUDE_SOURCE;
				MTL_FAST_MATH = YES;
				ONLY_ACTIVE_ARCH = YES;
				SDKROOT = iphoneos;
				SWIFT_ACTIVE_COMPILATION_CONDITIONS = DEBUG;
				SWIFT_OPTIMIZATION_LEVEL = "-Onone";
			};
			name = Debug;
		};
		47AF952E21F9E791006A112B /* Release */ = {
			isa = XCBuildConfiguration;
			buildSettings = {
				ALWAYS_SEARCH_USER_PATHS = NO;
				CLANG_ANALYZER_NONNULL = YES;
				CLANG_ANALYZER_NUMBER_OBJECT_CONVERSION = YES_AGGRESSIVE;
				CLANG_CXX_LANGUAGE_STANDARD = "gnu++14";
				CLANG_CXX_LIBRARY = "libc++";
				CLANG_ENABLE_MODULES = YES;
				CLANG_ENABLE_OBJC_ARC = YES;
				CLANG_ENABLE_OBJC_WEAK = YES;
				CLANG_WARN_BLOCK_CAPTURE_AUTORELEASING = YES;
				CLANG_WARN_BOOL_CONVERSION = YES;
				CLANG_WARN_COMMA = YES;
				CLANG_WARN_CONSTANT_CONVERSION = YES;
				CLANG_WARN_DEPRECATED_OBJC_IMPLEMENTATIONS = YES;
				CLANG_WARN_DIRECT_OBJC_ISA_USAGE = YES_ERROR;
				CLANG_WARN_DOCUMENTATION_COMMENTS = YES;
				CLANG_WARN_EMPTY_BODY = YES;
				CLANG_WARN_ENUM_CONVERSION = YES;
				CLANG_WARN_INFINITE_RECURSION = YES;
				CLANG_WARN_INT_CONVERSION = YES;
				CLANG_WARN_NON_LITERAL_NULL_CONVERSION = YES;
				CLANG_WARN_OBJC_IMPLICIT_RETAIN_SELF = YES;
				CLANG_WARN_OBJC_LITERAL_CONVERSION = YES;
				CLANG_WARN_OBJC_ROOT_CLASS = YES_ERROR;
				CLANG_WARN_RANGE_LOOP_ANALYSIS = YES;
				CLANG_WARN_STRICT_PROTOTYPES = YES;
				CLANG_WARN_SUSPICIOUS_MOVE = YES;
				CLANG_WARN_UNGUARDED_AVAILABILITY = YES_AGGRESSIVE;
				CLANG_WARN_UNREACHABLE_CODE = YES;
				CLANG_WARN__DUPLICATE_METHOD_MATCH = YES;
				CODE_SIGN_IDENTITY = "iPhone Developer";
				COPY_PHASE_STRIP = NO;
				DEBUG_INFORMATION_FORMAT = "dwarf-with-dsym";
				ENABLE_NS_ASSERTIONS = NO;
				ENABLE_STRICT_OBJC_MSGSEND = YES;
				GCC_C_LANGUAGE_STANDARD = gnu11;
				GCC_NO_COMMON_BLOCKS = YES;
				GCC_WARN_64_TO_32_BIT_CONVERSION = YES;
				GCC_WARN_ABOUT_RETURN_TYPE = YES_ERROR;
				GCC_WARN_UNDECLARED_SELECTOR = YES;
				GCC_WARN_UNINITIALIZED_AUTOS = YES_AGGRESSIVE;
				GCC_WARN_UNUSED_FUNCTION = YES;
				GCC_WARN_UNUSED_VARIABLE = YES;
				IPHONEOS_DEPLOYMENT_TARGET = 12.0;
				MTL_ENABLE_DEBUG_INFO = NO;
				MTL_FAST_MATH = YES;
				SDKROOT = iphoneos;
				SWIFT_COMPILATION_MODE = wholemodule;
				SWIFT_OPTIMIZATION_LEVEL = "-O";
				VALIDATE_PRODUCT = YES;
			};
			name = Release;
		};
		47AF953021F9E791006A112B /* Debug */ = {
			isa = XCBuildConfiguration;
			buildSettings = {
				ASSETCATALOG_COMPILER_APPICON_NAME = AppIcon;
				CODE_SIGN_STYLE = Automatic;
				DEVELOPMENT_TEAM = 79964U8894;
				INFOPLIST_FILE = "On The Map/Info.plist";
				IPHONEOS_DEPLOYMENT_TARGET = 11.0;
				LD_RUNPATH_SEARCH_PATHS = (
					"$(inherited)",
					"@executable_path/Frameworks",
				);
				PRODUCT_BUNDLE_IDENTIFIER = "tiago.maia.On-The-Map";
				PRODUCT_NAME = "$(TARGET_NAME)";
				SWIFT_VERSION = 4.2;
				TARGETED_DEVICE_FAMILY = "1,2";
			};
			name = Debug;
		};
		47AF953121F9E791006A112B /* Release */ = {
			isa = XCBuildConfiguration;
			buildSettings = {
				ASSETCATALOG_COMPILER_APPICON_NAME = AppIcon;
				CODE_SIGN_STYLE = Automatic;
				DEVELOPMENT_TEAM = 79964U8894;
				INFOPLIST_FILE = "On The Map/Info.plist";
				IPHONEOS_DEPLOYMENT_TARGET = 11.0;
				LD_RUNPATH_SEARCH_PATHS = (
					"$(inherited)",
					"@executable_path/Frameworks",
				);
				PRODUCT_BUNDLE_IDENTIFIER = "tiago.maia.On-The-Map";
				PRODUCT_NAME = "$(TARGET_NAME)";
				SWIFT_VERSION = 4.2;
				TARGETED_DEVICE_FAMILY = "1,2";
			};
			name = Release;
		};
/* End XCBuildConfiguration section */

/* Begin XCConfigurationList section */
		47AF951821F9E78E006A112B /* Build configuration list for PBXProject "On The Map" */ = {
			isa = XCConfigurationList;
			buildConfigurations = (
				47AF952D21F9E791006A112B /* Debug */,
				47AF952E21F9E791006A112B /* Release */,
			);
			defaultConfigurationIsVisible = 0;
			defaultConfigurationName = Release;
		};
		47AF952F21F9E791006A112B /* Build configuration list for PBXNativeTarget "On The Map" */ = {
			isa = XCConfigurationList;
			buildConfigurations = (
				47AF953021F9E791006A112B /* Debug */,
				47AF953121F9E791006A112B /* Release */,
			);
			defaultConfigurationIsVisible = 0;
			defaultConfigurationName = Release;
		};
/* End XCConfigurationList section */
	};
	rootObject = 47AF951521F9E78E006A112B /* Project object */;
}
